
Microsoft Visual Studio Solution File, Format Version 12.00
# Visual Studio 14
VisualStudioVersion = 14.0.23107.0
MinimumVisualStudioVersion = 10.0.40219.1
Project("{FAE04EC0-301F-11D3-BF4B-00C04F79EFBC}") = "Appsistencia.WEB", "Appsistencia.WEB\Appsistencia.WEB.csproj", "{0451056C-CB96-4EA1-83B3-6D9DB796394A}"
EndProject
Project("{FAE04EC0-301F-11D3-BF4B-00C04F79EFBC}") = "Appsistencia.API", "Appsistencia.API\Appsistencia.API.csproj", "{9E84768F-2057-41A5-AF88-576FF1FEDE1E}"
EndProject
Project("{FAE04EC0-301F-11D3-BF4B-00C04F79EFBC}") = "Appsistencia.CORE", "Appsistencia.CORE\Appsistencia.CORE.csproj", "{14734038-6D5A-472D-93A8-D6437FB7F4CD}"
EndProject
Global
	GlobalSection(SolutionConfigurationPlatforms) = preSolution
		Debug|Any CPU = Debug|Any CPU
		Release|Any CPU = Release|Any CPU
	EndGlobalSection
	GlobalSection(ProjectConfigurationPlatforms) = postSolution
		{0451056C-CB96-4EA1-83B3-6D9DB796394A}.Debug|Any CPU.ActiveCfg = Debug|Any CPU
		{0451056C-CB96-4EA1-83B3-6D9DB796394A}.Debug|Any CPU.Build.0 = Debug|Any CPU
		{0451056C-CB96-4EA1-83B3-6D9DB796394A}.Release|Any CPU.ActiveCfg = Release|Any CPU
		{0451056C-CB96-4EA1-83B3-6D9DB796394A}.Release|Any CPU.Build.0 = Release|Any CPU
		{9E84768F-2057-41A5-AF88-576FF1FEDE1E}.Debug|Any CPU.ActiveCfg = Debug|Any CPU
		{9E84768F-2057-41A5-AF88-576FF1FEDE1E}.Debug|Any CPU.Build.0 = Debug|Any CPU
		{9E84768F-2057-41A5-AF88-576FF1FEDE1E}.Release|Any CPU.ActiveCfg = Release|Any CPU
		{9E84768F-2057-41A5-AF88-576FF1FEDE1E}.Release|Any CPU.Build.0 = Release|Any CPU
		{14734038-6D5A-472D-93A8-D6437FB7F4CD}.Debug|Any CPU.ActiveCfg = Debug|Any CPU
		{14734038-6D5A-472D-93A8-D6437FB7F4CD}.Debug|Any CPU.Build.0 = Debug|Any CPU
		{14734038-6D5A-472D-93A8-D6437FB7F4CD}.Release|Any CPU.ActiveCfg = Release|Any CPU
		{14734038-6D5A-472D-93A8-D6437FB7F4CD}.Release|Any CPU.Build.0 = Release|Any CPU
	EndGlobalSection
	GlobalSection(SolutionProperties) = preSolution
		HideSolutionNode = FALSE
	EndGlobalSection
EndGlobal
